// !$*UTF8*$!
{
	archiveVersion = 1;
	classes = {
	};
	objectVersion = 77;
	objects = {

/* Begin PBXContainerItemProxy section */
		F5B4BCF82CAD00A000F5F584 /* PBXContainerItemProxy */ = {
			isa = PBXContainerItemProxy;
			containerPortal = F5B4BCDF2CAD009E00F5F584 /* Project object */;
			proxyType = 1;
			remoteGlobalIDString = F5B4BCE62CAD009E00F5F584;
			remoteInfo = ibblb_new;
		};
		F5B4BD022CAD00A000F5F584 /* PBXContainerItemProxy */ = {
			isa = PBXContainerItemProxy;
			containerPortal = F5B4BCDF2CAD009E00F5F584 /* Project object */;
			proxyType = 1;
			remoteGlobalIDString = F5B4BCE62CAD009E00F5F584;
			remoteInfo = ibblb_new;
		};
/* End PBXContainerItemProxy section */

/* Begin PBXFileReference section */
		F5B4BCE72CAD009E00F5F584 /* ibblb_new.app */ = {isa = PBXFileReference; explicitFileType = wrapper.application; includeInIndex = 0; path = ibblb_new.app; sourceTree = BUILT_PRODUCTS_DIR; };
		F5B4BCF72CAD00A000F5F584 /* ibblb_newTests.xctest */ = {isa = PBXFileReference; explicitFileType = wrapper.cfbundle; includeInIndex = 0; path = ibblb_newTests.xctest; sourceTree = BUILT_PRODUCTS_DIR; };
		F5B4BD012CAD00A000F5F584 /* ibblb_newUITests.xctest */ = {isa = PBXFileReference; explicitFileType = wrapper.cfbundle; includeInIndex = 0; path = ibblb_newUITests.xctest; sourceTree = BUILT_PRODUCTS_DIR; };
/* End PBXFileReference section */

/* Begin PBXFileSystemSynchronizedRootGroup section */
		F5B4BCE92CAD009E00F5F584 /* ibblb_new */ = {
			isa = PBXFileSystemSynchronizedRootGroup;
			path = ibblb_new;
			sourceTree = "<group>";
		};
		F5B4BCFA2CAD00A000F5F584 /* ibblb_newTests */ = {
			isa = PBXFileSystemSynchronizedRootGroup;
			path = ibblb_newTests;
			sourceTree = "<group>";
		};
		F5B4BD042CAD00A000F5F584 /* ibblb_newUITests */ = {
			isa = PBXFileSystemSynchronizedRootGroup;
			path = ibblb_newUITests;
			sourceTree = "<group>";
		};
/* End PBXFileSystemSynchronizedRootGroup section */

/* Begin PBXFrameworksBuildPhase section */
		F5B4BCE42CAD009E00F5F584 /* Frameworks */ = {
			isa = PBXFrameworksBuildPhase;
			buildActionMask = 2147483647;
			files = (
			);
			runOnlyForDeploymentPostprocessing = 0;
		};
		F5B4BCF42CAD00A000F5F584 /* Frameworks */ = {
			isa = PBXFrameworksBuildPhase;
			buildActionMask = 2147483647;
			files = (
			);
			runOnlyForDeploymentPostprocessing = 0;
		};
		F5B4BCFE2CAD00A000F5F584 /* Frameworks */ = {
			isa = PBXFrameworksBuildPhase;
			buildActionMask = 2147483647;
			files = (
			);
			runOnlyForDeploymentPostprocessing = 0;
		};
/* End PBXFrameworksBuildPhase section */

/* Begin PBXGroup section */
		F5B4BCDE2CAD009E00F5F584 = {
			isa = PBXGroup;
			children = (
				F5B4BCE92CAD009E00F5F584 /* ibblb_new */,
				F5B4BCFA2CAD00A000F5F584 /* ibblb_newTests */,
				F5B4BD042CAD00A000F5F584 /* ibblb_newUITests */,
				F5B4BCE82CAD009E00F5F584 /* Products */,
			);
			sourceTree = "<group>";
		};
		F5B4BCE82CAD009E00F5F584 /* Products */ = {
			isa = PBXGroup;
			children = (
				F5B4BCE72CAD009E00F5F584 /* ibblb_new.app */,
				F5B4BCF72CAD00A000F5F584 /* ibblb_newTests.xctest */,
				F5B4BD012CAD00A000F5F584 /* ibblb_newUITests.xctest */,
			);
			name = Products;
			sourceTree = "<group>";
		};
/* End PBXGroup section */

/* Begin PBXNativeTarget section */
		F5B4BCE62CAD009E00F5F584 /* ibblb_new */ = {
			isa = PBXNativeTarget;
			buildConfigurationList = F5B4BD0B2CAD00A000F5F584 /* Build configuration list for PBXNativeTarget "ibblb_new" */;
			buildPhases = (
				F5B4BCE32CAD009E00F5F584 /* Sources */,
				F5B4BCE42CAD009E00F5F584 /* Frameworks */,
				F5B4BCE52CAD009E00F5F584 /* Resources */,
			);
			buildRules = (
			);
			dependencies = (
			);
			fileSystemSynchronizedGroups = (
				F5B4BCE92CAD009E00F5F584 /* ibblb_new */,
			);
			name = ibblb_new;
			packageProductDependencies = (
			);
			productName = ibblb_new;
			productReference = F5B4BCE72CAD009E00F5F584 /* ibblb_new.app */;
			productType = "com.apple.product-type.application";
		};
		F5B4BCF62CAD00A000F5F584 /* ibblb_newTests */ = {
			isa = PBXNativeTarget;
			buildConfigurationList = F5B4BD0E2CAD00A000F5F584 /* Build configuration list for PBXNativeTarget "ibblb_newTests" */;
			buildPhases = (
				F5B4BCF32CAD00A000F5F584 /* Sources */,
				F5B4BCF42CAD00A000F5F584 /* Frameworks */,
				F5B4BCF52CAD00A000F5F584 /* Resources */,
			);
			buildRules = (
			);
			dependencies = (
				F5B4BCF92CAD00A000F5F584 /* PBXTargetDependency */,
			);
			fileSystemSynchronizedGroups = (
				F5B4BCFA2CAD00A000F5F584 /* ibblb_newTests */,
			);
			name = ibblb_newTests;
			packageProductDependencies = (
			);
			productName = ibblb_newTests;
			productReference = F5B4BCF72CAD00A000F5F584 /* ibblb_newTests.xctest */;
			productType = "com.apple.product-type.bundle.unit-test";
		};
		F5B4BD002CAD00A000F5F584 /* ibblb_newUITests */ = {
			isa = PBXNativeTarget;
			buildConfigurationList = F5B4BD112CAD00A000F5F584 /* Build configuration list for PBXNativeTarget "ibblb_newUITests" */;
			buildPhases = (
				F5B4BCFD2CAD00A000F5F584 /* Sources */,
				F5B4BCFE2CAD00A000F5F584 /* Frameworks */,
				F5B4BCFF2CAD00A000F5F584 /* Resources */,
			);
			buildRules = (
			);
			dependencies = (
				F5B4BD032CAD00A000F5F584 /* PBXTargetDependency */,
			);
			fileSystemSynchronizedGroups = (
				F5B4BD042CAD00A000F5F584 /* ibblb_newUITests */,
			);
			name = ibblb_newUITests;
			packageProductDependencies = (
			);
			productName = ibblb_newUITests;
			productReference = F5B4BD012CAD00A000F5F584 /* ibblb_newUITests.xctest */;
			productType = "com.apple.product-type.bundle.ui-testing";
		};
/* End PBXNativeTarget section */

/* Begin PBXProject section */
		F5B4BCDF2CAD009E00F5F584 /* Project object */ = {
			isa = PBXProject;
			attributes = {
				BuildIndependentTargetsInParallel = 1;
				LastSwiftUpdateCheck = 1600;
				LastUpgradeCheck = 1600;
				TargetAttributes = {
					F5B4BCE62CAD009E00F5F584 = {
						CreatedOnToolsVersion = 16.0;
					};
					F5B4BCF62CAD00A000F5F584 = {
						CreatedOnToolsVersion = 16.0;
						TestTargetID = F5B4BCE62CAD009E00F5F584;
					};
					F5B4BD002CAD00A000F5F584 = {
						CreatedOnToolsVersion = 16.0;
						TestTargetID = F5B4BCE62CAD009E00F5F584;
					};
				};
			};
			buildConfigurationList = F5B4BCE22CAD009E00F5F584 /* Build configuration list for PBXProject "ibblb_new" */;
			developmentRegion = en;
			hasScannedForEncodings = 0;
			knownRegions = (
				en,
				Base,
			);
			mainGroup = F5B4BCDE2CAD009E00F5F584;
			minimizedProjectReferenceProxies = 1;
			preferredProjectObjectVersion = 77;
			productRefGroup = F5B4BCE82CAD009E00F5F584 /* Products */;
			projectDirPath = "";
			projectRoot = "";
			targets = (
				F5B4BCE62CAD009E00F5F584 /* ibblb_new */,
				F5B4BCF62CAD00A000F5F584 /* ibblb_newTests */,
				F5B4BD002CAD00A000F5F584 /* ibblb_newUITests */,
			);
		};
/* End PBXProject section */

/* Begin PBXResourcesBuildPhase section */
		F5B4BCE52CAD009E00F5F584 /* Resources */ = {
			isa = PBXResourcesBuildPhase;
			buildActionMask = 2147483647;
			files = (
			);
			runOnlyForDeploymentPostprocessing = 0;
		};
		F5B4BCF52CAD00A000F5F584 /* Resources */ = {
			isa = PBXResourcesBuildPhase;
			buildActionMask = 2147483647;
			files = (
			);
			runOnlyForDeploymentPostprocessing = 0;
		};
		F5B4BCFF2CAD00A000F5F584 /* Resources */ = {
			isa = PBXResourcesBuildPhase;
			buildActionMask = 2147483647;
			files = (
			);
			runOnlyForDeploymentPostprocessing = 0;
		};
/* End PBXResourcesBuildPhase section */

/* Begin PBXSourcesBuildPhase section */
		F5B4BCE32CAD009E00F5F584 /* Sources */ = {
			isa = PBXSourcesBuildPhase;
			buildActionMask = 2147483647;
			files = (
			);
			runOnlyForDeploymentPostprocessing = 0;
		};
		F5B4BCF32CAD00A000F5F584 /* Sources */ = {
			isa = PBXSourcesBuildPhase;
			buildActionMask = 2147483647;
			files = (
			);
			runOnlyForDeploymentPostprocessing = 0;
		};
		F5B4BCFD2CAD00A000F5F584 /* Sources */ = {
			isa = PBXSourcesBuildPhase;
			buildActionMask = 2147483647;
			files = (
			);
			runOnlyForDeploymentPostprocessing = 0;
		};
/* End PBXSourcesBuildPhase section */

/* Begin PBXTargetDependency section */
		F5B4BCF92CAD00A000F5F584 /* PBXTargetDependency */ = {
			isa = PBXTargetDependency;
			target = F5B4BCE62CAD009E00F5F584 /* ibblb_new */;
			targetProxy = F5B4BCF82CAD00A000F5F584 /* PBXContainerItemProxy */;
		};
		F5B4BD032CAD00A000F5F584 /* PBXTargetDependency */ = {
			isa = PBXTargetDependency;
			target = F5B4BCE62CAD009E00F5F584 /* ibblb_new */;
			targetProxy = F5B4BD022CAD00A000F5F584 /* PBXContainerItemProxy */;
		};
/* End PBXTargetDependency section */

/* Begin XCBuildConfiguration section */
		F5B4BD092CAD00A000F5F584 /* Debug */ = {
			isa = XCBuildConfiguration;
			buildSettings = {
				ALWAYS_SEARCH_USER_PATHS = NO;
				ASSETCATALOG_COMPILER_GENERATE_SWIFT_ASSET_SYMBOL_EXTENSIONS = YES;
				CLANG_ANALYZER_NONNULL = YES;
				CLANG_ANALYZER_NUMBER_OBJECT_CONVERSION = YES_AGGRESSIVE;
				CLANG_CXX_LANGUAGE_STANDARD = "gnu++20";
				CLANG_ENABLE_MODULES = YES;
				CLANG_ENABLE_OBJC_ARC = YES;
				CLANG_ENABLE_OBJC_WEAK = YES;
				CLANG_WARN_BLOCK_CAPTURE_AUTORELEASING = YES;
				CLANG_WARN_BOOL_CONVERSION = YES;
				CLANG_WARN_COMMA = YES;
				CLANG_WARN_CONSTANT_CONVERSION = YES;
				CLANG_WARN_DEPRECATED_OBJC_IMPLEMENTATIONS = YES;
				CLANG_WARN_DIRECT_OBJC_ISA_USAGE = YES_ERROR;
				CLANG_WARN_DOCUMENTATION_COMMENTS = YES;
				CLANG_WARN_EMPTY_BODY = YES;
				CLANG_WARN_ENUM_CONVERSION = YES;
				CLANG_WARN_INFINITE_RECURSION = YES;
				CLANG_WARN_INT_CONVERSION = YES;
				CLANG_WARN_NON_LITERAL_NULL_CONVERSION = YES;
				CLANG_WARN_OBJC_IMPLICIT_RETAIN_SELF = YES;
				CLANG_WARN_OBJC_LITERAL_CONVERSION = YES;
				CLANG_WARN_OBJC_ROOT_CLASS = YES_ERROR;
				CLANG_WARN_QUOTED_INCLUDE_IN_FRAMEWORK_HEADER = YES;
				CLANG_WARN_RANGE_LOOP_ANALYSIS = YES;
				CLANG_WARN_STRICT_PROTOTYPES = YES;
				CLANG_WARN_SUSPICIOUS_MOVE = YES;
				CLANG_WARN_UNGUARDED_AVAILABILITY = YES_AGGRESSIVE;
				CLANG_WARN_UNREACHABLE_CODE = YES;
				CLANG_WARN__DUPLICATE_METHOD_MATCH = YES;
				COPY_PHASE_STRIP = NO;
				DEBUG_INFORMATION_FORMAT = dwarf;
				ENABLE_STRICT_OBJC_MSGSEND = YES;
				ENABLE_TESTABILITY = YES;
				ENABLE_USER_SCRIPT_SANDBOXING = YES;
				GCC_C_LANGUAGE_STANDARD = gnu17;
				GCC_DYNAMIC_NO_PIC = NO;
				GCC_NO_COMMON_BLOCKS = YES;
				GCC_OPTIMIZATION_LEVEL = 0;
				GCC_PREPROCESSOR_DEFINITIONS = (
					"DEBUG=1",
					"$(inherited)",
				);
				GCC_WARN_64_TO_32_BIT_CONVERSION = YES;
				GCC_WARN_ABOUT_RETURN_TYPE = YES_ERROR;
				GCC_WARN_UNDECLARED_SELECTOR = YES;
				GCC_WARN_UNINITIALIZED_AUTOS = YES_AGGRESSIVE;
				GCC_WARN_UNUSED_FUNCTION = YES;
				GCC_WARN_UNUSED_VARIABLE = YES;
				IPHONEOS_DEPLOYMENT_TARGET = 18.0;
				LOCALIZATION_PREFERS_STRING_CATALOGS = YES;
				MTL_ENABLE_DEBUG_INFO = INCLUDE_SOURCE;
				MTL_FAST_MATH = YES;
				ONLY_ACTIVE_ARCH = YES;
				SDKROOT = iphoneos;
				SWIFT_ACTIVE_COMPILATION_CONDITIONS = "DEBUG $(inherited)";
				SWIFT_OPTIMIZATION_LEVEL = "-Onone";
			};
			name = Debug;
		};
		F5B4BD0A2CAD00A000F5F584 /* Release */ = {
			isa = XCBuildConfiguration;
			buildSettings = {
				ALWAYS_SEARCH_USER_PATHS = NO;
				ASSETCATALOG_COMPILER_GENERATE_SWIFT_ASSET_SYMBOL_EXTENSIONS = YES;
				CLANG_ANALYZER_NONNULL = YES;
				CLANG_ANALYZER_NUMBER_OBJECT_CONVERSION = YES_AGGRESSIVE;
				CLANG_CXX_LANGUAGE_STANDARD = "gnu++20";
				CLANG_ENABLE_MODULES = YES;
				CLANG_ENABLE_OBJC_ARC = YES;
				CLANG_ENABLE_OBJC_WEAK = YES;
				CLANG_WARN_BLOCK_CAPTURE_AUTORELEASING = YES;
				CLANG_WARN_BOOL_CONVERSION = YES;
				CLANG_WARN_COMMA = YES;
				CLANG_WARN_CONSTANT_CONVERSION = YES;
				CLANG_WARN_DEPRECATED_OBJC_IMPLEMENTATIONS = YES;
				CLANG_WARN_DIRECT_OBJC_ISA_USAGE = YES_ERROR;
				CLANG_WARN_DOCUMENTATION_COMMENTS = YES;
				CLANG_WARN_EMPTY_BODY = YES;
				CLANG_WARN_ENUM_CONVERSION = YES;
				CLANG_WARN_INFINITE_RECURSION = YES;
				CLANG_WARN_INT_CONVERSION = YES;
				CLANG_WARN_NON_LITERAL_NULL_CONVERSION = YES;
				CLANG_WARN_OBJC_IMPLICIT_RETAIN_SELF = YES;
				CLANG_WARN_OBJC_LITERAL_CONVERSION = YES;
				CLANG_WARN_OBJC_ROOT_CLASS = YES_ERROR;
				CLANG_WARN_QUOTED_INCLUDE_IN_FRAMEWORK_HEADER = YES;
				CLANG_WARN_RANGE_LOOP_ANALYSIS = YES;
				CLANG_WARN_STRICT_PROTOTYPES = YES;
				CLANG_WARN_SUSPICIOUS_MOVE = YES;
				CLANG_WARN_UNGUARDED_AVAILABILITY = YES_AGGRESSIVE;
				CLANG_WARN_UNREACHABLE_CODE = YES;
				CLANG_WARN__DUPLICATE_METHOD_MATCH = YES;
				COPY_PHASE_STRIP = NO;
				DEBUG_INFORMATION_FORMAT = "dwarf-with-dsym";
				ENABLE_NS_ASSERTIONS = NO;
				ENABLE_STRICT_OBJC_MSGSEND = YES;
				ENABLE_USER_SCRIPT_SANDBOXING = YES;
				GCC_C_LANGUAGE_STANDARD = gnu17;
				GCC_NO_COMMON_BLOCKS = YES;
				GCC_WARN_64_TO_32_BIT_CONVERSION = YES;
				GCC_WARN_ABOUT_RETURN_TYPE = YES_ERROR;
				GCC_WARN_UNDECLARED_SELECTOR = YES;
				GCC_WARN_UNINITIALIZED_AUTOS = YES_AGGRESSIVE;
				GCC_WARN_UNUSED_FUNCTION = YES;
				GCC_WARN_UNUSED_VARIABLE = YES;
				IPHONEOS_DEPLOYMENT_TARGET = 18.0;
				LOCALIZATION_PREFERS_STRING_CATALOGS = YES;
				MTL_ENABLE_DEBUG_INFO = NO;
				MTL_FAST_MATH = YES;
				SDKROOT = iphoneos;
				SWIFT_COMPILATION_MODE = wholemodule;
				VALIDATE_PRODUCT = YES;
			};
			name = Release;
		};
		F5B4BD0C2CAD00A000F5F584 /* Debug */ = {
			isa = XCBuildConfiguration;
			buildSettings = {
				ASSETCATALOG_COMPILER_APPICON_NAME = AppIcon;
				ASSETCATALOG_COMPILER_GLOBAL_ACCENT_COLOR_NAME = AccentColor;
				CODE_SIGN_STYLE = Automatic;
				CURRENT_PROJECT_VERSION = 1;
				DEVELOPMENT_ASSET_PATHS = "\"ibblb_new/Preview Content\"";
				DEVELOPMENT_TEAM = 57ANZ5GSH5;
				ENABLE_PREVIEWS = YES;
				GENERATE_INFOPLIST_FILE = YES;
				INFOPLIST_KEY_UIApplicationSceneManifest_Generation = YES;
				INFOPLIST_KEY_UIApplicationSupportsIndirectInputEvents = YES;
				INFOPLIST_KEY_UILaunchScreen_Generation = YES;
				INFOPLIST_KEY_UISupportedInterfaceOrientations_iPad = "UIInterfaceOrientationPortrait UIInterfaceOrientationPortraitUpsideDown UIInterfaceOrientationLandscapeLeft UIInterfaceOrientationLandscapeRight";
				INFOPLIST_KEY_UISupportedInterfaceOrientations_iPhone = "UIInterfaceOrientationPortrait UIInterfaceOrientationLandscapeLeft UIInterfaceOrientationLandscapeRight";
				LD_RUNPATH_SEARCH_PATHS = (
					"$(inherited)",
					"@executable_path/Frameworks",
				);
				MARKETING_VERSION = 1.0;
				PRODUCT_BUNDLE_IDENTIFIER = "Iglesia-Bautista-Biblica-de-Long-Beach.ibblb-new";
				PRODUCT_NAME = "$(TARGET_NAME)";
				SWIFT_EMIT_LOC_STRINGS = YES;
				SWIFT_VERSION = 5.0;
				TARGETED_DEVICE_FAMILY = "1,2";
			};
			name = Debug;
		};
		F5B4BD0D2CAD00A000F5F584 /* Release */ = {
			isa = XCBuildConfiguration;
			buildSettings = {
				ASSETCATALOG_COMPILER_APPICON_NAME = AppIcon;
				ASSETCATALOG_COMPILER_GLOBAL_ACCENT_COLOR_NAME = AccentColor;
				CODE_SIGN_STYLE = Automatic;
				CURRENT_PROJECT_VERSION = 1;
				DEVELOPMENT_ASSET_PATHS = "\"ibblb_new/Preview Content\"";
				DEVELOPMENT_TEAM = 57ANZ5GSH5;
				ENABLE_PREVIEWS = YES;
				GENERATE_INFOPLIST_FILE = YES;
				INFOPLIST_KEY_UIApplicationSceneManifest_Generation = YES;
				INFOPLIST_KEY_UIApplicationSupportsIndirectInputEvents = YES;
				INFOPLIST_KEY_UILaunchScreen_Generation = YES;
				INFOPLIST_KEY_UISupportedInterfaceOrientations_iPad = "UIInterfaceOrientationPortrait UIInterfaceOrientationPortraitUpsideDown UIInterfaceOrientationLandscapeLeft UIInterfaceOrientationLandscapeRight";
				INFOPLIST_KEY_UISupportedInterfaceOrientations_iPhone = "UIInterfaceOrientationPortrait UIInterfaceOrientationLandscapeLeft UIInterfaceOrientationLandscapeRight";
				LD_RUNPATH_SEARCH_PATHS = (
					"$(inherited)",
					"@executable_path/Frameworks",
				);
				MARKETING_VERSION = 1.0;
				PRODUCT_BUNDLE_IDENTIFIER = "Iglesia-Bautista-Biblica-de-Long-Beach.ibblb-new";
				PRODUCT_NAME = "$(TARGET_NAME)";
				SWIFT_EMIT_LOC_STRINGS = YES;
				SWIFT_VERSION = 5.0;
				TARGETED_DEVICE_FAMILY = "1,2";
			};
			name = Release;
		};
		F5B4BD0F2CAD00A000F5F584 /* Debug */ = {
			isa = XCBuildConfiguration;
			buildSettings = {
				BUNDLE_LOADER = "$(TEST_HOST)";
				CODE_SIGN_STYLE = Automatic;
				CURRENT_PROJECT_VERSION = 1;
				DEVELOPMENT_TEAM = 57ANZ5GSH5;
				GENERATE_INFOPLIST_FILE = YES;
				IPHONEOS_DEPLOYMENT_TARGET = 18.0;
				MARKETING_VERSION = 1.0;
				PRODUCT_BUNDLE_IDENTIFIER = "Iglesia-Bautista-Biblica-de-Long-Beach.ibblb-newTests";
				PRODUCT_NAME = "$(TARGET_NAME)";
				SWIFT_EMIT_LOC_STRINGS = NO;
				SWIFT_VERSION = 5.0;
				TARGETED_DEVICE_FAMILY = "1,2";
				TEST_HOST = "$(BUILT_PRODUCTS_DIR)/ibblb_new.app/$(BUNDLE_EXECUTABLE_FOLDER_PATH)/ibblb_new";
			};
			name = Debug;
		};
		F5B4BD102CAD00A000F5F584 /* Release */ = {
			isa = XCBuildConfiguration;
			buildSettings = {
				BUNDLE_LOADER = "$(TEST_HOST)";
				CODE_SIGN_STYLE = Automatic;
				CURRENT_PROJECT_VERSION = 1;
				DEVELOPMENT_TEAM = 57ANZ5GSH5;
				GENERATE_INFOPLIST_FILE = YES;
				IPHONEOS_DEPLOYMENT_TARGET = 18.0;
				MARKETING_VERSION = 1.0;
				PRODUCT_BUNDLE_IDENTIFIER = "Iglesia-Bautista-Biblica-de-Long-Beach.ibblb-newTests";
				PRODUCT_NAME = "$(TARGET_NAME)";
				SWIFT_EMIT_LOC_STRINGS = NO;
				SWIFT_VERSION = 5.0;
				TARGETED_DEVICE_FAMILY = "1,2";
				TEST_HOST = "$(BUILT_PRODUCTS_DIR)/ibblb_new.app/$(BUNDLE_EXECUTABLE_FOLDER_PATH)/ibblb_new";
			};
			name = Release;
		};
		F5B4BD122CAD00A000F5F584 /* Debug */ = {
			isa = XCBuildConfiguration;
			buildSettings = {
				CODE_SIGN_STYLE = Automatic;
				CURRENT_PROJECT_VERSION = 1;
				DEVELOPMENT_TEAM = 57ANZ5GSH5;
				GENERATE_INFOPLIST_FILE = YES;
				MARKETING_VERSION = 1.0;
				PRODUCT_BUNDLE_IDENTIFIER = "Iglesia-Bautista-Biblica-de-Long-Beach.ibblb-newUITests";
				PRODUCT_NAME = "$(TARGET_NAME)";
				SWIFT_EMIT_LOC_STRINGS = NO;
				SWIFT_VERSION = 5.0;
				TARGETED_DEVICE_FAMILY = "1,2";
				TEST_TARGET_NAME = ibblb_new;
			};
			name = Debug;
		};
		F5B4BD132CAD00A000F5F584 /* Release */ = {
			isa = XCBuildConfiguration;
			buildSettings = {
				CODE_SIGN_STYLE = Automatic;
				CURRENT_PROJECT_VERSION = 1;
				DEVELOPMENT_TEAM = 57ANZ5GSH5;
				GENERATE_INFOPLIST_FILE = YES;
				MARKETING_VERSION = 1.0;
				PRODUCT_BUNDLE_IDENTIFIER = "Iglesia-Bautista-Biblica-de-Long-Beach.ibblb-newUITests";
				PRODUCT_NAME = "$(TARGET_NAME)";
				SWIFT_EMIT_LOC_STRINGS = NO;
				SWIFT_VERSION = 5.0;
				TARGETED_DEVICE_FAMILY = "1,2";
				TEST_TARGET_NAME = ibblb_new;
			};
			name = Release;
		};
/* End XCBuildConfiguration section */

/* Begin XCConfigurationList section */
		F5B4BCE22CAD009E00F5F584 /* Build configuration list for PBXProject "ibblb_new" */ = {
			isa = XCConfigurationList;
			buildConfigurations = (
				F5B4BD092CAD00A000F5F584 /* Debug */,
				F5B4BD0A2CAD00A000F5F584 /* Release */,
			);
			defaultConfigurationIsVisible = 0;
			defaultConfigurationName = Release;
		};
		F5B4BD0B2CAD00A000F5F584 /* Build configuration list for PBXNativeTarget "ibblb_new" */ = {
			isa = XCConfigurationList;
			buildConfigurations = (
				F5B4BD0C2CAD00A000F5F584 /* Debug */,
				F5B4BD0D2CAD00A000F5F584 /* Release */,
			);
			defaultConfigurationIsVisible = 0;
			defaultConfigurationName = Release;
		};
		F5B4BD0E2CAD00A000F5F584 /* Build configuration list for PBXNativeTarget "ibblb_newTests" */ = {
			isa = XCConfigurationList;
			buildConfigurations = (
				F5B4BD0F2CAD00A000F5F584 /* Debug */,
				F5B4BD102CAD00A000F5F584 /* Release */,
			);
			defaultConfigurationIsVisible = 0;
			defaultConfigurationName = Release;
		};
		F5B4BD112CAD00A000F5F584 /* Build configuration list for PBXNativeTarget "ibblb_newUITests" */ = {
			isa = XCConfigurationList;
			buildConfigurations = (
				F5B4BD122CAD00A000F5F584 /* Debug */,
				F5B4BD132CAD00A000F5F584 /* Release */,
			);
			defaultConfigurationIsVisible = 0;
			defaultConfigurationName = Release;
		};
/* End XCConfigurationList section */
	};
	rootObject = F5B4BCDF2CAD009E00F5F584 /* Project object */;
}
